{
  "name": "funnelfox-billing-example-basic",
  "version": "0.0.0",
  "lockfileVersion": 3,
  "requires": true,
  "packages": {
    "": {
      "name": "funnelfox-billing-example-basic",
      "version": "0.0.0",
      "dependencies": {
        "@funnelfox/billing": "file:../../funnelfox-billing-0.5.3.tgz"
      }
    },
    "node_modules/@funnelfox/billing": {
      "version": "0.5.3",
      "resolved": "file:../../funnelfox-billing-0.5.3.tgz",
      "integrity": "sha512-dxXqENFB5p8US3G+u1Z0k0vUBYc5/8YOgBC/RdlxcCLMh6m+9Kg210Sr6bt26ssRWUIHfsT2ksSbX+sr5Fa/2w==",
      "license": "MIT",
      "engines": {
        "node": ">=14.0.0"
      }
    }
  }
}
