{
  "name": "funnelfox-billing-example-basic",
  "version": "0.0.0",
  "lockfileVersion": 3,
  "requires": true,
  "packages": {
    "": {
      "name": "funnelfox-billing-example-basic",
      "version": "0.0.0",
      "dependencies": {
        "@funnelfox/billing": "file:../../funnelfox-billing-0.5.4.tgz"
      }
    },
    "node_modules/@funnelfox/billing": {
      "version": "0.5.4",
      "resolved": "file:../../funnelfox-billing-0.5.4.tgz",
      "integrity": "sha512-4mWiF7f8asHsaqGF3NLStyG0Up9XC6JsV8yFOA6gLa4xbVB0dg5cDZf2VKOFXf/tX4iSXlZ6ifw2nohHzVFdcA==",
      "license": "MIT",
      "engines": {
        "node": ">=14.0.0"
      }
    }
  }
}
