{
  "name": "funnelfox-billing-example-basic",
  "version": "0.0.0",
  "lockfileVersion": 3,
  "requires": true,
  "packages": {
    "": {
      "name": "funnelfox-billing-example-basic",
      "version": "0.0.0",
      "dependencies": {
        "@funnelfox/billing": "file:../../funnelfox-billing-0.5.7.tgz"
      }
    },
    "node_modules/@funnelfox/billing": {
      "version": "0.5.7",
      "resolved": "file:../../funnelfox-billing-0.5.7.tgz",
      "integrity": "sha512-fgPbz4DKuGwe8+N/WhL7xUxyQwb6sc+LfP1LqFFAIay7xXCstpXiBM49IPgjB07UBBn2IUA4zPxEX0p53Fzidg==",
      "license": "MIT",
      "engines": {
        "node": ">=14.0.0"
      }
    }
  }
}
